{
  "version": 4,
  "terraform_version": "1.12.0",
  "serial": 41,
  "lineage": "8fc6f69d-29ff-620e-a5f4-359331bf9eed",
  "outputs": {
    "ec2_private_ip": {
      "value": "10.0.2.62",
      "type": "string"
    },
    "ec2_public_ip": {
      "value": "15.223.122.211",
      "type": "string"
    },
    "key_name": {
      "value": "tier-key",
      "type": "string"
    },
    "private_key_path": {
      "value": "./tier-key.pem",
      "type": "string",
      "sensitive": true
    },
    "private_subnet_azs": {
      "value": [
        "ca-central-1a",
        "ca-central-1b"
      ],
      "type": [
        "tuple",
        [
          "string",
          "string"
        ]
      ]
    },
    "private_subnet_ids": {
      "value": "subnet-0cd937d1d74908ff6",
      "type": "string"
    },
    "rds_endpoint": {
      "value": "groupb-db-postgres.czmseqookl1h.ca-central-1.rds.amazonaws.com:5432",
      "type": "string"
    },
    "region_name": {
      "value": "ca-central-1",
      "type": "string"
    },
    "vpc_id": {
      "value": "vpc-06b194053350cfbc9",
      "type": "string"
    }
  },
  "resources": [
    {
      "mode": "data",
      "type": "aws_ami",
      "name": "amazon_linux_2023",
      "provider": "provider[\"registry.terraform.io/hashicorp/aws\"]",
      "instances": [
        {
          "schema_version": 0,
          "attributes": {
            "architecture": "x86_64",
            "arn": "arn:aws:ec2:ca-central-1::image/ami-0430941090394a64d",
            "block_device_mappings": [
              {
                "device_name": "/dev/xvda",
                "ebs": {
                  "delete_on_termination": "true",
                  "encrypted": "false",
                  "iops": "3000",
                  "snapshot_id": "snap-0d22fceca0e5b2442",
                  "throughput": "125",
                  "volume_size": "2",
                  "volume_type": "gp3"
                },
                "no_device": "",
                "virtual_name": ""
              }
            ],
            "boot_mode": "uefi-preferred",
            "creation_date": "2025-05-09T23:05:32.000Z",
            "deprecation_time": "2025-08-07T23:06:00.000Z",
            "description": "Amazon Linux 2023 AMI 2023.7.20250512.0 x86_64 Minimal HVM kernel-6.1",
            "ena_support": true,
            "executable_users": null,
            "filter": [
              {
                "name": "name",
                "values": [
                  "al2023-ami-*-x86_64"
                ]
              }
            ],
            "hypervisor": "xen",
            "id": "ami-0430941090394a64d",
            "image_id": "ami-0430941090394a64d",
            "image_location": "amazon/al2023-ami-minimal-2023.7.20250512.0-kernel-6.1-x86_64",
            "image_owner_alias": "amazon",
            "image_type": "machine",
            "imds_support": "v2.0",
            "include_deprecated": false,
            "kernel_id": "",
            "most_recent": true,
            "name": "al2023-ami-minimal-2023.7.20250512.0-kernel-6.1-x86_64",
            "name_regex": null,
            "owner_id": "137112412989",
            "owners": [
              "137112412989"
            ],
            "platform": "",
            "platform_details": "Linux/UNIX",
            "product_codes": [],
            "public": true,
            "ramdisk_id": "",
            "root_device_name": "/dev/xvda",
            "root_device_type": "ebs",
            "root_snapshot_id": "snap-0d22fceca0e5b2442",
            "sriov_net_support": "simple",
            "state": "available",
            "state_reason": {
              "code": "UNSET",
              "message": "UNSET"
            },
            "tags": {},
            "timeouts": null,
            "tpm_support": "",
            "usage_operation": "RunInstances",
            "virtualization_type": "hvm"
          },
          "sensitive_attributes": [],
          "identity_schema_version": 0
        }
      ]
    },
    {
      "mode": "data",
      "type": "aws_region",
      "name": "current",
      "provider": "provider[\"registry.terraform.io/hashicorp/aws\"]",
      "instances": [
        {
          "schema_version": 0,
          "attributes": {
            "description": "Canada (Central)",
            "endpoint": "ec2.ca-central-1.amazonaws.com",
            "id": "ca-central-1",
            "name": "ca-central-1"
          },
          "sensitive_attributes": [],
          "identity_schema_version": 0
        }
      ]
    },
    {
      "mode": "managed",
      "type": "aws_db_instance",
      "name": "postgres",
      "provider": "provider[\"registry.terraform.io/hashicorp/aws\"]",
      "instances": [
        {
          "schema_version": 2,
          "attributes": {
            "address": "groupb-db-postgres.czmseqookl1h.ca-central-1.rds.amazonaws.com",
            "allocated_storage": 30,
            "allow_major_version_upgrade": null,
            "apply_immediately": false,
            "arn": "arn:aws:rds:ca-central-1:729780141868:db:groupb-db-postgres",
            "auto_minor_version_upgrade": true,
            "availability_zone": "ca-central-1b",
            "backup_retention_period": 0,
            "backup_target": "region",
            "backup_window": "07:44-08:14",
            "blue_green_update": [],
            "ca_cert_identifier": "rds-ca-rsa2048-g1",
            "character_set_name": "",
            "copy_tags_to_snapshot": false,
            "custom_iam_instance_profile": "",
            "customer_owned_ip_enabled": false,
            "db_name": "",
            "db_subnet_group_name": "db-subnet-group",
            "delete_automated_backups": true,
            "deletion_protection": false,
            "domain": "",
            "domain_iam_role_name": "",
            "enabled_cloudwatch_logs_exports": null,
            "endpoint": "groupb-db-postgres.czmseqookl1h.ca-central-1.rds.amazonaws.com:5432",
            "engine": "postgres",
            "engine_version": "11.22",
            "engine_version_actual": "11.22",
            "final_snapshot_identifier": null,
            "hosted_zone_id": "Z1JG78A3UK1DU3",
            "iam_database_authentication_enabled": false,
            "id": "db-ZV53UWKRTK2HBFQZFJI266DF4E",
            "identifier": "groupb-db-postgres",
            "identifier_prefix": "",
            "instance_class": "db.t3.micro",
            "iops": 0,
            "kms_key_id": "",
            "latest_restorable_time": "",
            "license_model": "postgresql-license",
            "listener_endpoint": [],
            "maintenance_window": "tue:04:05-tue:04:35",
            "manage_master_user_password": null,
            "master_user_secret": [],
            "master_user_secret_kms_key_id": null,
            "max_allocated_storage": 0,
            "monitoring_interval": 0,
            "monitoring_role_arn": "",
            "multi_az": false,
            "nchar_character_set_name": "",
            "network_type": "IPV4",
            "option_group_name": "default:postgres-11",
            "parameter_group_name": "default.postgres11",
            "password": "9gW8qjWWkfFzZRwz",
            "performance_insights_enabled": false,
            "performance_insights_kms_key_id": "",
            "performance_insights_retention_period": 0,
            "port": 5432,
            "publicly_accessible": false,
            "replica_mode": "",
            "replicas": [],
            "replicate_source_db": "",
            "resource_id": "db-ZV53UWKRTK2HBFQZFJI266DF4E",
            "restore_to_point_in_time": [],
            "s3_import": [],
            "skip_final_snapshot": true,
            "snapshot_identifier": null,
            "status": "available",
            "storage_encrypted": false,
            "storage_throughput": 0,
            "storage_type": "gp2",
            "tags": {
              "Environment": "Staging",
              "Managed_by": "Terraform",
              "Name": "GroupB-postgres",
              "Owner": "Group-B"
            },
            "tags_all": {
              "Environment": "Staging",
              "Managed_by": "Terraform",
              "Name": "GroupB-postgres",
              "Owner": "Group-B"
            },
            "timeouts": null,
            "timezone": "",
            "username": "groupB",
            "vpc_security_group_ids": [
              "sg-05401ac085f34247f"
            ]
          },
          "sensitive_attributes": [
            [
              {
                "type": "get_attr",
                "value": "password"
              }
            ]
          ],
          "identity_schema_version": 0,
          "private": "eyJlMmJmYjczMC1lY2FhLTExZTYtOGY4OC0zNDM2M2JjN2M0YzAiOnsiY3JlYXRlIjoyNDAwMDAwMDAwMDAwLCJkZWxldGUiOjM2MDAwMDAwMDAwMDAsInVwZGF0ZSI6NDgwMDAwMDAwMDAwMH0sInNjaGVtYV92ZXJzaW9uIjoiMiJ9",
          "dependencies": [
            "aws_db_subnet_group.main",
            "aws_security_group.rds",
            "aws_subnet.private",
            "aws_subnet.private1",
            "aws_vpc.main",
            "data.aws_region.current",
            "random_password.rds_password"
          ]
        }
      ]
    },
    {
      "mode": "managed",
      "type": "aws_db_subnet_group",
      "name": "main",
      "provider": "provider[\"registry.terraform.io/hashicorp/aws\"]",
      "instances": [
        {
          "schema_version": 0,
          "attributes": {
            "arn": "arn:aws:rds:ca-central-1:729780141868:subgrp:db-subnet-group",
            "description": "Managed by Terraform",
            "id": "db-subnet-group",
            "name": "db-subnet-group",
            "name_prefix": "",
            "subnet_ids": [
              "subnet-047762b47f8e425f4",
              "subnet-0cd937d1d74908ff6"
            ],
            "supported_network_types": [
              "IPV4"
            ],
            "tags": {
              "Environment": "Staging",
              "Managed_by": "Terraform",
              "Name": "GroupB-db-subnet",
              "Owner": "Group-B"
            },
            "tags_all": {
              "Environment": "Staging",
              "Managed_by": "Terraform",
              "Name": "GroupB-db-subnet",
              "Owner": "Group-B"
            },
            "vpc_id": "vpc-06b194053350cfbc9"
          },
          "sensitive_attributes": [],
          "identity_schema_version": 0,
          "private": "bnVsbA==",
          "dependencies": [
            "aws_subnet.private",
            "aws_subnet.private1",
            "aws_vpc.main",
            "data.aws_region.current"
          ]
        }
      ]
    },
    {
      "mode": "managed",
      "type": "aws_dynamodb_table",
      "name": "terraform_locks",
      "provider": "provider[\"registry.terraform.io/hashicorp/aws\"]",
      "instances": [
        {
          "schema_version": 1,
          "attributes": {
            "arn": "arn:aws:dynamodb:ca-central-1:729780141868:table/my-terraform-locks",
            "attribute": [
              {
                "name": "LockID",
                "type": "S"
              }
            ],
            "billing_mode": "PAY_PER_REQUEST",
            "deletion_protection_enabled": false,
            "global_secondary_index": [],
            "hash_key": "LockID",
            "id": "my-terraform-locks",
            "local_secondary_index": [],
            "name": "my-terraform-locks",
            "point_in_time_recovery": [
              {
                "enabled": false
              }
            ],
            "range_key": null,
            "read_capacity": 0,
            "replica": [],
            "restore_date_time": null,
            "restore_source_name": null,
            "restore_to_latest_time": null,
            "server_side_encryption": [],
            "stream_arn": "",
            "stream_enabled": false,
            "stream_label": "",
            "stream_view_type": "",
            "table_class": "STANDARD",
            "tags": {
              "Environment": "Staging",
              "Name": "Terraform Lock Table"
            },
            "tags_all": {
              "Environment": "Staging",
              "Name": "Terraform Lock Table"
            },
            "timeouts": null,
            "ttl": [
              {
                "attribute_name": "",
                "enabled": false
              }
            ],
            "write_capacity": 0
          },
          "sensitive_attributes": [],
          "identity_schema_version": 0,
          "private": "eyJlMmJmYjczMC1lY2FhLTExZTYtOGY4OC0zNDM2M2JjN2M0YzAiOnsiY3JlYXRlIjoxODAwMDAwMDAwMDAwLCJkZWxldGUiOjYwMDAwMDAwMDAwMCwidXBkYXRlIjozNjAwMDAwMDAwMDAwfSwic2NoZW1hX3ZlcnNpb24iOiIxIn0="
        }
      ]
    },
    {
      "mode": "managed",
      "type": "aws_eip",
      "name": "public",
      "provider": "provider[\"registry.terraform.io/hashicorp/aws\"]",
      "instances": [
        {
          "schema_version": 0,
          "attributes": {
            "address": null,
            "allocation_id": "eipalloc-009b0cde183d506a8",
            "associate_with_private_ip": null,
            "association_id": "eipassoc-0a2c0be6973534bf6",
            "carrier_ip": "",
            "customer_owned_ip": "",
            "customer_owned_ipv4_pool": "",
            "domain": "vpc",
            "id": "eipalloc-009b0cde183d506a8",
            "instance": "",
            "network_border_group": "ca-central-1",
            "network_interface": "eni-08d1d695a4c6b0a74",
            "private_dns": "ip-10-0-1-57.ca-central-1.compute.internal",
            "private_ip": "10.0.1.57",
            "public_dns": "ec2-3-97-160-64.ca-central-1.compute.amazonaws.com",
            "public_ip": "3.97.160.64",
            "public_ipv4_pool": "amazon",
            "tags": {
              "Environment": "Staging",
              "Managed_by": "Terraform",
              "Name": "GroupB-public",
              "Owner": "Group-B"
            },
            "tags_all": {
              "Environment": "Staging",
              "Managed_by": "Terraform",
              "Name": "GroupB-public",
              "Owner": "Group-B"
            },
            "timeouts": null,
            "vpc": true
          },
          "sensitive_attributes": [],
          "identity_schema_version": 0,
          "private": "eyJlMmJmYjczMC1lY2FhLTExZTYtOGY4OC0zNDM2M2JjN2M0YzAiOnsiZGVsZXRlIjoxODAwMDAwMDAwMDAsInJlYWQiOjkwMDAwMDAwMDAwMCwidXBkYXRlIjozMDAwMDAwMDAwMDB9fQ=="
        }
      ]
    },
    {
      "mode": "managed",
      "type": "aws_instance",
      "name": "private",
      "provider": "provider[\"registry.terraform.io/hashicorp/aws\"]",
      "instances": [
        {
          "schema_version": 1,
          "attributes": {
            "ami": "ami-0430941090394a64d",
            "arn": "arn:aws:ec2:ca-central-1:729780141868:instance/i-0093bb605c36da2a0",
            "associate_public_ip_address": false,
            "availability_zone": "ca-central-1a",
            "capacity_reservation_specification": [
              {
                "capacity_reservation_preference": "open",
                "capacity_reservation_target": []
              }
            ],
            "cpu_core_count": 1,
            "cpu_options": [
              {
                "amd_sev_snp": "",
                "core_count": 1,
                "threads_per_core": 1
              }
            ],
            "cpu_threads_per_core": 1,
            "credit_specification": [
              {
                "cpu_credits": "standard"
              }
            ],
            "disable_api_stop": false,
            "disable_api_termination": false,
            "ebs_block_device": [],
            "ebs_optimized": false,
            "enclave_options": [
              {
                "enabled": false
              }
            ],
            "ephemeral_block_device": [],
            "get_password_data": false,
            "hibernation": false,
            "host_id": "",
            "host_resource_group_arn": null,
            "iam_instance_profile": "",
            "id": "i-0093bb605c36da2a0",
            "instance_initiated_shutdown_behavior": "stop",
            "instance_lifecycle": "",
            "instance_market_options": [],
            "instance_state": "running",
            "instance_type": "t2.micro",
            "ipv6_address_count": 0,
            "ipv6_addresses": [],
            "key_name": "tier-key",
            "launch_template": [],
            "maintenance_options": [
              {
                "auto_recovery": "default"
              }
            ],
            "metadata_options": [
              {
                "http_endpoint": "enabled",
                "http_protocol_ipv6": "disabled",
                "http_put_response_hop_limit": 2,
                "http_tokens": "required",
                "instance_metadata_tags": "disabled"
              }
            ],
            "monitoring": false,
            "network_interface": [],
            "outpost_arn": "",
            "password_data": "",
            "placement_group": "",
            "placement_partition_number": 0,
            "primary_network_interface_id": "eni-037831f6ff771687d",
            "private_dns": "ip-10-0-2-62.ca-central-1.compute.internal",
            "private_dns_name_options": [
              {
                "enable_resource_name_dns_a_record": false,
                "enable_resource_name_dns_aaaa_record": false,
                "hostname_type": "ip-name"
              }
            ],
            "private_ip": "10.0.2.62",
            "public_dns": "",
            "public_ip": "",
            "root_block_device": [
              {
                "delete_on_termination": true,
                "device_name": "/dev/xvda",
                "encrypted": false,
                "iops": 3000,
                "kms_key_id": "",
                "tags": {},
                "throughput": 125,
                "volume_id": "vol-062a732782001d44b",
                "volume_size": 2,
                "volume_type": "gp3"
              }
            ],
            "secondary_private_ips": [],
            "security_groups": [],
            "source_dest_check": true,
            "spot_instance_request_id": "",
            "subnet_id": "subnet-0cd937d1d74908ff6",
            "tags": {
              "Environment": "Staging",
              "Managed_by": "Terraform",
              "Name": "GroupB-private-ec2",
              "Owner": "Group-B"
            },
            "tags_all": {
              "Environment": "Staging",
              "Managed_by": "Terraform",
              "Name": "GroupB-private-ec2",
              "Owner": "Group-B"
            },
            "tenancy": "default",
            "timeouts": null,
            "user_data": null,
            "user_data_base64": null,
            "user_data_replace_on_change": false,
            "volume_tags": null,
            "vpc_security_group_ids": [
              "sg-0895898aff4438672"
            ]
          },
          "sensitive_attributes": [],
          "identity_schema_version": 0,
          "private": "eyJlMmJmYjczMC1lY2FhLTExZTYtOGY4OC0zNDM2M2JjN2M0YzAiOnsiY3JlYXRlIjo2MDAwMDAwMDAwMDAsImRlbGV0ZSI6MTIwMDAwMDAwMDAwMCwidXBkYXRlIjo2MDAwMDAwMDAwMDB9LCJzY2hlbWFfdmVyc2lvbiI6IjEifQ==",
          "dependencies": [
            "aws_key_pair.tier",
            "aws_security_group.ssh",
            "aws_subnet.private",
            "aws_vpc.main",
            "data.aws_ami.amazon_linux_2023",
            "data.aws_region.current",
            "tls_private_key.ssh_key"
          ]
        }
      ]
    },
    {
      "mode": "managed",
      "type": "aws_instance",
      "name": "public",
      "provider": "provider[\"registry.terraform.io/hashicorp/aws\"]",
      "instances": [
        {
          "schema_version": 1,
          "attributes": {
            "ami": "ami-0430941090394a64d",
            "arn": "arn:aws:ec2:ca-central-1:729780141868:instance/i-05a770f50b8798f54",
            "associate_public_ip_address": true,
            "availability_zone": "ca-central-1a",
            "capacity_reservation_specification": [
              {
                "capacity_reservation_preference": "open",
                "capacity_reservation_target": []
              }
            ],
            "cpu_core_count": 1,
            "cpu_options": [
              {
                "amd_sev_snp": "",
                "core_count": 1,
                "threads_per_core": 1
              }
            ],
            "cpu_threads_per_core": 1,
            "credit_specification": [
              {
                "cpu_credits": "standard"
              }
            ],
            "disable_api_stop": false,
            "disable_api_termination": false,
            "ebs_block_device": [],
            "ebs_optimized": false,
            "enclave_options": [
              {
                "enabled": false
              }
            ],
            "ephemeral_block_device": [],
            "get_password_data": false,
            "hibernation": false,
            "host_id": "",
            "host_resource_group_arn": null,
            "iam_instance_profile": "",
            "id": "i-05a770f50b8798f54",
            "instance_initiated_shutdown_behavior": "stop",
            "instance_lifecycle": "",
            "instance_market_options": [],
            "instance_state": "running",
            "instance_type": "t2.micro",
            "ipv6_address_count": 0,
            "ipv6_addresses": [],
            "key_name": "tier-key",
            "launch_template": [],
            "maintenance_options": [
              {
                "auto_recovery": "default"
              }
            ],
            "metadata_options": [
              {
                "http_endpoint": "enabled",
                "http_protocol_ipv6": "disabled",
                "http_put_response_hop_limit": 2,
                "http_tokens": "required",
                "instance_metadata_tags": "disabled"
              }
            ],
            "monitoring": false,
            "network_interface": [],
            "outpost_arn": "",
            "password_data": "",
            "placement_group": "",
            "placement_partition_number": 0,
            "primary_network_interface_id": "eni-08c3f7c189ebe7d37",
            "private_dns": "ip-10-0-1-14.ca-central-1.compute.internal",
            "private_dns_name_options": [
              {
                "enable_resource_name_dns_a_record": false,
                "enable_resource_name_dns_aaaa_record": false,
                "hostname_type": "ip-name"
              }
            ],
            "private_ip": "10.0.1.14",
            "public_dns": "ec2-15-223-122-211.ca-central-1.compute.amazonaws.com",
            "public_ip": "15.223.122.211",
            "root_block_device": [
              {
                "delete_on_termination": true,
                "device_name": "/dev/xvda",
                "encrypted": false,
                "iops": 3000,
                "kms_key_id": "",
                "tags": {},
                "throughput": 125,
                "volume_id": "vol-08b1ae0b28f94f1ab",
                "volume_size": 2,
                "volume_type": "gp3"
              }
            ],
            "secondary_private_ips": [],
            "security_groups": [],
            "source_dest_check": true,
            "spot_instance_request_id": "",
            "subnet_id": "subnet-09c5710da6b24ec8b",
            "tags": {
              "Environment": "Staging",
              "Managed_by": "Terraform",
              "Name": "GroupB-public-ec2",
              "Owner": "Group-B"
            },
            "tags_all": {
              "Environment": "Staging",
              "Managed_by": "Terraform",
              "Name": "GroupB-public-ec2",
              "Owner": "Group-B"
            },
            "tenancy": "default",
            "timeouts": null,
            "user_data": null,
            "user_data_base64": null,
            "user_data_replace_on_change": false,
            "volume_tags": null,
            "vpc_security_group_ids": [
              "sg-0895898aff4438672"
            ]
          },
          "sensitive_attributes": [],
          "identity_schema_version": 0,
          "private": "eyJlMmJmYjczMC1lY2FhLTExZTYtOGY4OC0zNDM2M2JjN2M0YzAiOnsiY3JlYXRlIjo2MDAwMDAwMDAwMDAsImRlbGV0ZSI6MTIwMDAwMDAwMDAwMCwidXBkYXRlIjo2MDAwMDAwMDAwMDB9LCJzY2hlbWFfdmVyc2lvbiI6IjEifQ==",
          "dependencies": [
            "aws_key_pair.tier",
            "aws_security_group.ssh",
            "aws_subnet.public",
            "aws_vpc.main",
            "data.aws_ami.amazon_linux_2023",
            "data.aws_region.current",
            "tls_private_key.ssh_key"
          ]
        }
      ]
    },
    {
      "mode": "managed",
      "type": "aws_internet_gateway",
      "name": "main",
      "provider": "provider[\"registry.terraform.io/hashicorp/aws\"]",
      "instances": [
        {
          "schema_version": 0,
          "attributes": {
            "arn": "arn:aws:ec2:ca-central-1:729780141868:internet-gateway/igw-0b83a9daa7830803c",
            "id": "igw-0b83a9daa7830803c",
            "owner_id": "729780141868",
            "tags": {
              "Environment": "Staging",
              "Managed_by": "Terraform",
              "Name": "GroupB-main",
              "Owner": "Group-B"
            },
            "tags_all": {
              "Environment": "Staging",
              "Managed_by": "Terraform",
              "Name": "GroupB-main",
              "Owner": "Group-B"
            },
            "timeouts": null,
            "vpc_id": "vpc-06b194053350cfbc9"
          },
          "sensitive_attributes": [],
          "identity_schema_version": 0,
          "private": "eyJlMmJmYjczMC1lY2FhLTExZTYtOGY4OC0zNDM2M2JjN2M0YzAiOnsiY3JlYXRlIjoxMjAwMDAwMDAwMDAwLCJkZWxldGUiOjEyMDAwMDAwMDAwMDAsInVwZGF0ZSI6MTIwMDAwMDAwMDAwMH19",
          "dependencies": [
            "aws_vpc.main"
          ]
        }
      ]
    },
    {
      "mode": "managed",
      "type": "aws_key_pair",
      "name": "tier",
      "provider": "provider[\"registry.terraform.io/hashicorp/aws\"]",
      "instances": [
        {
          "schema_version": 1,
          "attributes": {
            "arn": "arn:aws:ec2:ca-central-1:729780141868:key-pair/tier-key",
            "fingerprint": "ad:84:cd:99:df:ce:66:5d:a5:6b:e8:01:be:f3:13:5f",
            "id": "tier-key",
            "key_name": "tier-key",
            "key_name_prefix": "",
            "key_pair_id": "key-0f1e71af0a2266788",
            "key_type": "rsa",
            "public_key": "ssh-rsa AAAAB3NzaC1yc2EAAAADAQABAAACAQDQLxTBPGXXu5OzHsLPVHVIztN3poMT3Jc2C7kGnamxF6LeEs3euC8KrfLv+7BoMZC986V3w8IcAfBD8OYNIeUhf16xlkV2CoyzosjCU+hbN/uc/XA/rorME729cT67SkvvZZ5XCsKeb61VagapQmt1aicgGwdM7qxPPljmkUOFJ/rvdoLxGwHvbtHiZviVtp/bOPfrp+oIZrs4V3gtDqz8MUpmNBX9rR0Idd05DcTAnyoz6ZSy9ZqFnO3lQ+0GaCiP+8LHt4mlCNv6illAdz2O5JAPOd+MwcMwazTFrvsQ9/lomMcu5QKD8m0r5Nk9hlu8sc0F4C5EGsIft9HGaAllUR8WDSFT2Q1Ga1sxTmPTF3wqJNFG3IqXiCj1GL4PsEnckCsmzr5slyOdLDT7SG0fNgfFI9jmscvDuN2cz2wc2VTFoF5WuBSbnRIa941zf5bjxKpvrSNn7/qiMEJDw57eFJD4ZDyF7pqBoqCR7fH+w4uVPr3YXr9SpuJWI+mbkI0ZN3CpzC6mp22WrGLxma7VMwTZ1or+3gl7mDNt7jy6HF3iz6ApXHH6QEXRAPSkVYM9M5EJo4jlZA9KIB+iD+12ZK+HQGlpT/cS3DTF9oftjunlDAdy2/gs49pm3hBp8KFmB1mMprz64v8HiqehDltvtYT3dBR+kbRGWvebQjL8GQ==",
            "tags": {},
            "tags_all": {}
          },
          "sensitive_attributes": [],
          "identity_schema_version": 0,
          "private": "eyJzY2hlbWFfdmVyc2lvbiI6IjEifQ==",
          "dependencies": [
            "tls_private_key.ssh_key"
          ]
        }
      ]
    },
    {
      "mode": "managed",
      "type": "aws_nat_gateway",
      "name": "public",
      "provider": "provider[\"registry.terraform.io/hashicorp/aws\"]",
      "instances": [
        {
          "schema_version": 0,
          "attributes": {
            "allocation_id": "eipalloc-009b0cde183d506a8",
            "association_id": "eipassoc-0a2c0be6973534bf6",
            "connectivity_type": "public",
            "id": "nat-0e8dce43b13773e16",
            "network_interface_id": "eni-08d1d695a4c6b0a74",
            "private_ip": "10.0.1.57",
            "public_ip": "3.97.160.64",
            "secondary_allocation_ids": [],
            "secondary_private_ip_address_count": 0,
            "secondary_private_ip_addresses": [],
            "subnet_id": "subnet-09c5710da6b24ec8b",
            "tags": {
              "Environment": "Staging",
              "Managed_by": "Terraform",
              "Name": "GroupB-public-a",
              "Owner": "Group-B"
            },
            "tags_all": {
              "Environment": "Staging",
              "Managed_by": "Terraform",
              "Name": "GroupB-public-a",
              "Owner": "Group-B"
            },
            "timeouts": null
          },
          "sensitive_attributes": [],
          "identity_schema_version": 0,
          "private": "eyJlMmJmYjczMC1lY2FhLTExZTYtOGY4OC0zNDM2M2JjN2M0YzAiOnsiY3JlYXRlIjo2MDAwMDAwMDAwMDAsImRlbGV0ZSI6MTgwMDAwMDAwMDAwMCwidXBkYXRlIjo2MDAwMDAwMDAwMDB9fQ==",
          "dependencies": [
            "aws_eip.public",
            "aws_subnet.public",
            "aws_vpc.main",
            "data.aws_region.current"
          ]
        }
      ]
    },
    {
      "mode": "managed",
      "type": "aws_network_acl",
      "name": "private",
      "provider": "provider[\"registry.terraform.io/hashicorp/aws\"]",
      "instances": [
        {
          "schema_version": 0,
          "attributes": {
            "arn": "arn:aws:ec2:ca-central-1:729780141868:network-acl/acl-0d38e496782675b56",
            "egress": [
              {
                "action": "allow",
                "cidr_block": "0.0.0.0/0",
                "from_port": 0,
                "icmp_code": 0,
                "icmp_type": 0,
                "ipv6_cidr_block": "",
                "protocol": "6",
                "rule_no": 100,
                "to_port": 65535
              }
            ],
            "id": "acl-0d38e496782675b56",
            "ingress": [
              {
                "action": "allow",
                "cidr_block": "10.0.1.0/24",
                "from_port": 8080,
                "icmp_code": 0,
                "icmp_type": 0,
                "ipv6_cidr_block": "",
                "protocol": "6",
                "rule_no": 100,
                "to_port": 8080
              }
            ],
            "owner_id": "729780141868",
            "subnet_ids": [
              "subnet-0cd937d1d74908ff6"
            ],
            "tags": {},
            "tags_all": {},
            "vpc_id": "vpc-06b194053350cfbc9"
          },
          "sensitive_attributes": [],
          "identity_schema_version": 0,
          "private": "bnVsbA==",
          "dependencies": [
            "aws_subnet.private",
            "aws_vpc.main",
            "data.aws_region.current"
          ]
        }
      ]
    },
    {
      "mode": "managed",
      "type": "aws_network_acl",
      "name": "public",
      "provider": "provider[\"registry.terraform.io/hashicorp/aws\"]",
      "instances": [
        {
          "schema_version": 0,
          "attributes": {
            "arn": "arn:aws:ec2:ca-central-1:729780141868:network-acl/acl-05694b826031003f1",
            "egress": [
              {
                "action": "allow",
                "cidr_block": "0.0.0.0/0",
                "from_port": 0,
                "icmp_code": 0,
                "icmp_type": 0,
                "ipv6_cidr_block": "",
                "protocol": "6",
                "rule_no": 100,
                "to_port": 65535
              }
            ],
            "id": "acl-05694b826031003f1",
            "ingress": [
              {
                "action": "allow",
                "cidr_block": "0.0.0.0/0",
                "from_port": 80,
                "icmp_code": 0,
                "icmp_type": 0,
                "ipv6_cidr_block": "",
                "protocol": "6",
                "rule_no": 100,
                "to_port": 80
              }
            ],
            "owner_id": "729780141868",
            "subnet_ids": [
              "subnet-09c5710da6b24ec8b"
            ],
            "tags": {},
            "tags_all": {},
            "vpc_id": "vpc-06b194053350cfbc9"
          },
          "sensitive_attributes": [],
          "identity_schema_version": 0,
          "private": "bnVsbA==",
          "dependencies": [
            "aws_subnet.public",
            "aws_vpc.main",
            "data.aws_region.current"
          ]
        }
      ]
    },
    {
      "mode": "managed",
      "type": "aws_route",
      "name": "private-internet_out",
      "provider": "provider[\"registry.terraform.io/hashicorp/aws\"]",
      "instances": [
        {
          "schema_version": 0,
          "attributes": {
            "carrier_gateway_id": "",
            "core_network_arn": "",
            "destination_cidr_block": "0.0.0.0/0",
            "destination_ipv6_cidr_block": "",
            "destination_prefix_list_id": "",
            "egress_only_gateway_id": "",
            "gateway_id": "",
            "id": "r-rtb-09e29aeedfeb6f5471080289494",
            "instance_id": "",
            "instance_owner_id": "",
            "local_gateway_id": "",
            "nat_gateway_id": "nat-0e8dce43b13773e16",
            "network_interface_id": "",
            "origin": "CreateRoute",
            "route_table_id": "rtb-09e29aeedfeb6f547",
            "state": "active",
            "timeouts": null,
            "transit_gateway_id": "",
            "vpc_endpoint_id": "",
            "vpc_peering_connection_id": ""
          },
          "sensitive_attributes": [],
          "identity_schema_version": 0,
          "private": "eyJlMmJmYjczMC1lY2FhLTExZTYtOGY4OC0zNDM2M2JjN2M0YzAiOnsiY3JlYXRlIjozMDAwMDAwMDAwMDAsImRlbGV0ZSI6MzAwMDAwMDAwMDAwLCJ1cGRhdGUiOjEyMDAwMDAwMDAwMH19",
          "dependencies": [
            "aws_eip.public",
            "aws_nat_gateway.public",
            "aws_route_table.private",
            "aws_subnet.public",
            "aws_vpc.main",
            "data.aws_region.current"
          ]
        }
      ]
    },
    {
      "mode": "managed",
      "type": "aws_route",
      "name": "public_internet_access",
      "provider": "provider[\"registry.terraform.io/hashicorp/aws\"]",
      "instances": [
        {
          "schema_version": 0,
          "attributes": {
            "carrier_gateway_id": "",
            "core_network_arn": "",
            "destination_cidr_block": "0.0.0.0/0",
            "destination_ipv6_cidr_block": "",
            "destination_prefix_list_id": "",
            "egress_only_gateway_id": "",
            "gateway_id": "igw-0b83a9daa7830803c",
            "id": "r-rtb-0048be883c29157651080289494",
            "instance_id": "",
            "instance_owner_id": "",
            "local_gateway_id": "",
            "nat_gateway_id": "",
            "network_interface_id": "",
            "origin": "CreateRoute",
            "route_table_id": "rtb-0048be883c2915765",
            "state": "active",
            "timeouts": null,
            "transit_gateway_id": "",
            "vpc_endpoint_id": "",
            "vpc_peering_connection_id": ""
          },
          "sensitive_attributes": [],
          "identity_schema_version": 0,
          "private": "eyJlMmJmYjczMC1lY2FhLTExZTYtOGY4OC0zNDM2M2JjN2M0YzAiOnsiY3JlYXRlIjozMDAwMDAwMDAwMDAsImRlbGV0ZSI6MzAwMDAwMDAwMDAwLCJ1cGRhdGUiOjEyMDAwMDAwMDAwMH19",
          "dependencies": [
            "aws_internet_gateway.main",
            "aws_route_table.public",
            "aws_vpc.main"
          ]
        }
      ]
    },
    {
      "mode": "managed",
      "type": "aws_route_table",
      "name": "private",
      "provider": "provider[\"registry.terraform.io/hashicorp/aws\"]",
      "instances": [
        {
          "schema_version": 0,
          "attributes": {
            "arn": "arn:aws:ec2:ca-central-1:729780141868:route-table/rtb-09e29aeedfeb6f547",
            "id": "rtb-09e29aeedfeb6f547",
            "owner_id": "729780141868",
            "propagating_vgws": [],
            "route": [
              {
                "carrier_gateway_id": "",
                "cidr_block": "0.0.0.0/0",
                "core_network_arn": "",
                "destination_prefix_list_id": "",
                "egress_only_gateway_id": "",
                "gateway_id": "",
                "ipv6_cidr_block": "",
                "local_gateway_id": "",
                "nat_gateway_id": "nat-0e8dce43b13773e16",
                "network_interface_id": "",
                "transit_gateway_id": "",
                "vpc_endpoint_id": "",
                "vpc_peering_connection_id": ""
              }
            ],
            "tags": {
              "Environment": "Staging",
              "Managed_by": "Terraform",
              "Name": "GroupB-private",
              "Owner": "Group-B"
            },
            "tags_all": {
              "Environment": "Staging",
              "Managed_by": "Terraform",
              "Name": "GroupB-private",
              "Owner": "Group-B"
            },
            "timeouts": null,
            "vpc_id": "vpc-06b194053350cfbc9"
          },
          "sensitive_attributes": [],
          "identity_schema_version": 0,
          "private": "eyJlMmJmYjczMC1lY2FhLTExZTYtOGY4OC0zNDM2M2JjN2M0YzAiOnsiY3JlYXRlIjozMDAwMDAwMDAwMDAsImRlbGV0ZSI6MzAwMDAwMDAwMDAwLCJ1cGRhdGUiOjEyMDAwMDAwMDAwMH19",
          "dependencies": [
            "aws_vpc.main"
          ]
        }
      ]
    },
    {
      "mode": "managed",
      "type": "aws_route_table",
      "name": "public",
      "provider": "provider[\"registry.terraform.io/hashicorp/aws\"]",
      "instances": [
        {
          "schema_version": 0,
          "attributes": {
            "arn": "arn:aws:ec2:ca-central-1:729780141868:route-table/rtb-0048be883c2915765",
            "id": "rtb-0048be883c2915765",
            "owner_id": "729780141868",
            "propagating_vgws": [],
            "route": [
              {
                "carrier_gateway_id": "",
                "cidr_block": "0.0.0.0/0",
                "core_network_arn": "",
                "destination_prefix_list_id": "",
                "egress_only_gateway_id": "",
                "gateway_id": "igw-0b83a9daa7830803c",
                "ipv6_cidr_block": "",
                "local_gateway_id": "",
                "nat_gateway_id": "",
                "network_interface_id": "",
                "transit_gateway_id": "",
                "vpc_endpoint_id": "",
                "vpc_peering_connection_id": ""
              }
            ],
            "tags": {
              "Environment": "Staging",
              "Managed_by": "Terraform",
              "Name": "GroupB-public",
              "Owner": "Group-B"
            },
            "tags_all": {
              "Environment": "Staging",
              "Managed_by": "Terraform",
              "Name": "GroupB-public",
              "Owner": "Group-B"
            },
            "timeouts": null,
            "vpc_id": "vpc-06b194053350cfbc9"
          },
          "sensitive_attributes": [],
          "identity_schema_version": 0,
          "private": "eyJlMmJmYjczMC1lY2FhLTExZTYtOGY4OC0zNDM2M2JjN2M0YzAiOnsiY3JlYXRlIjozMDAwMDAwMDAwMDAsImRlbGV0ZSI6MzAwMDAwMDAwMDAwLCJ1cGRhdGUiOjEyMDAwMDAwMDAwMH19",
          "dependencies": [
            "aws_vpc.main"
          ]
        }
      ]
    },
    {
      "mode": "managed",
      "type": "aws_route_table_association",
      "name": "private",
      "provider": "provider[\"registry.terraform.io/hashicorp/aws\"]",
      "instances": [
        {
          "schema_version": 0,
          "attributes": {
            "gateway_id": "",
            "id": "rtbassoc-007688954f13a6c8c",
            "route_table_id": "rtb-09e29aeedfeb6f547",
            "subnet_id": "subnet-0cd937d1d74908ff6",
            "timeouts": null
          },
          "sensitive_attributes": [],
          "identity_schema_version": 0,
          "private": "eyJlMmJmYjczMC1lY2FhLTExZTYtOGY4OC0zNDM2M2JjN2M0YzAiOnsiY3JlYXRlIjozMDAwMDAwMDAwMDAsImRlbGV0ZSI6MzAwMDAwMDAwMDAwLCJ1cGRhdGUiOjEyMDAwMDAwMDAwMH19",
          "dependencies": [
            "aws_route_table.private",
            "aws_subnet.private",
            "aws_vpc.main",
            "data.aws_region.current"
          ]
        }
      ]
    },
    {
      "mode": "managed",
      "type": "aws_route_table_association",
      "name": "public",
      "provider": "provider[\"registry.terraform.io/hashicorp/aws\"]",
      "instances": [
        {
          "schema_version": 0,
          "attributes": {
            "gateway_id": "",
            "id": "rtbassoc-08946217c67c905d5",
            "route_table_id": "rtb-0048be883c2915765",
            "subnet_id": "subnet-09c5710da6b24ec8b",
            "timeouts": null
          },
          "sensitive_attributes": [],
          "identity_schema_version": 0,
          "private": "eyJlMmJmYjczMC1lY2FhLTExZTYtOGY4OC0zNDM2M2JjN2M0YzAiOnsiY3JlYXRlIjozMDAwMDAwMDAwMDAsImRlbGV0ZSI6MzAwMDAwMDAwMDAwLCJ1cGRhdGUiOjEyMDAwMDAwMDAwMH19",
          "dependencies": [
            "aws_route_table.public",
            "aws_subnet.public",
            "aws_vpc.main",
            "data.aws_region.current"
          ]
        }
      ]
    },
    {
      "mode": "managed",
      "type": "aws_s3_bucket",
      "name": "terraform_state",
      "provider": "provider[\"registry.terraform.io/hashicorp/aws\"]",
      "instances": [
        {
          "schema_version": 0,
          "attributes": {
            "acceleration_status": "",
            "acl": null,
            "arn": "arn:aws:s3:::groupb-terraform-state",
            "bucket": "groupb-terraform-state",
            "bucket_domain_name": "groupb-terraform-state.s3.amazonaws.com",
            "bucket_prefix": "",
            "bucket_regional_domain_name": "groupb-terraform-state.s3.ca-central-1.amazonaws.com",
            "cors_rule": [],
            "force_destroy": false,
            "grant": [
              {
                "id": "09f205095e6ad13cba34fb70df147577d97aa1a2303e9993c0b210bac3b15d4b",
                "permissions": [
                  "FULL_CONTROL"
                ],
                "type": "CanonicalUser",
                "uri": ""
              }
            ],
            "hosted_zone_id": "Z1QDHH18159H29",
            "id": "groupb-terraform-state",
            "lifecycle_rule": [],
            "logging": [],
            "object_lock_configuration": [],
            "object_lock_enabled": false,
            "policy": "",
            "region": "ca-central-1",
            "replication_configuration": [],
            "request_payer": "BucketOwner",
            "server_side_encryption_configuration": [
              {
                "rule": [
                  {
                    "apply_server_side_encryption_by_default": [
                      {
                        "kms_master_key_id": "",
                        "sse_algorithm": "AES256"
                      }
                    ],
                    "bucket_key_enabled": false
                  }
                ]
              }
            ],
            "tags": {
              "Environment": "Staging",
              "Name": "Terraform State Bucket"
            },
            "tags_all": {
              "Environment": "Staging",
              "Name": "Terraform State Bucket"
            },
            "timeouts": null,
            "versioning": [
              {
                "enabled": true,
                "mfa_delete": false
              }
            ],
            "website": [],
            "website_domain": null,
            "website_endpoint": null
          },
          "sensitive_attributes": [],
          "identity_schema_version": 0,
          "private": "eyJlMmJmYjczMC1lY2FhLTExZTYtOGY4OC0zNDM2M2JjN2M0YzAiOnsiY3JlYXRlIjoxMjAwMDAwMDAwMDAwLCJkZWxldGUiOjM2MDAwMDAwMDAwMDAsInJlYWQiOjEyMDAwMDAwMDAwMDAsInVwZGF0ZSI6MTIwMDAwMDAwMDAwMH19"
        }
      ]
    },
    {
      "mode": "managed",
      "type": "aws_s3_bucket_versioning",
      "name": "versioning",
      "provider": "provider[\"registry.terraform.io/hashicorp/aws\"]",
      "instances": [
        {
          "schema_version": 0,
          "attributes": {
            "bucket": "groupb-terraform-state",
            "expected_bucket_owner": "",
            "id": "groupb-terraform-state",
            "mfa": null,
            "versioning_configuration": [
              {
                "mfa_delete": "",
                "status": "Enabled"
              }
            ]
          },
          "sensitive_attributes": [],
          "identity_schema_version": 0,
          "private": "bnVsbA==",
          "dependencies": [
            "aws_s3_bucket.terraform_state"
          ]
        }
      ]
    },
    {
      "mode": "managed",
      "type": "aws_secretsmanager_secret",
      "name": "rds_password",
      "provider": "provider[\"registry.terraform.io/hashicorp/aws\"]",
      "instances": [
        {
          "schema_version": 0,
          "attributes": {
            "arn": "arn:aws:secretsmanager:ca-central-1:729780141868:secret:rds-password-DjCI8w",
            "description": "",
            "force_overwrite_replica_secret": false,
            "id": "arn:aws:secretsmanager:ca-central-1:729780141868:secret:rds-password-DjCI8w",
            "kms_key_id": "",
            "name": "rds-password",
            "name_prefix": "",
            "policy": "",
            "recovery_window_in_days": 30,
            "replica": [],
            "tags": {},
            "tags_all": {}
          },
          "sensitive_attributes": [],
          "identity_schema_version": 0,
          "private": "bnVsbA=="
        }
      ]
    },
    {
      "mode": "managed",
      "type": "aws_secretsmanager_secret_version",
      "name": "rds_password",
      "provider": "provider[\"registry.terraform.io/hashicorp/aws\"]",
      "instances": [
        {
          "schema_version": 0,
          "attributes": {
            "arn": "arn:aws:secretsmanager:ca-central-1:729780141868:secret:rds-password-DjCI8w",
            "id": "arn:aws:secretsmanager:ca-central-1:729780141868:secret:rds-password-DjCI8w|10A522A7-8F2B-4133-BF80-50A7BD00845E",
            "secret_binary": "",
            "secret_id": "arn:aws:secretsmanager:ca-central-1:729780141868:secret:rds-password-DjCI8w",
            "secret_string": "{\"password\":\"9gW8qjWWkfFzZRwz\"}",
            "version_id": "10A522A7-8F2B-4133-BF80-50A7BD00845E",
            "version_stages": [
              "AWSCURRENT"
            ]
          },
          "sensitive_attributes": [
            [
              {
                "type": "get_attr",
                "value": "secret_binary"
              }
            ],
            [
              {
                "type": "get_attr",
                "value": "secret_string"
              }
            ]
          ],
          "identity_schema_version": 0,
          "private": "bnVsbA==",
          "dependencies": [
            "aws_secretsmanager_secret.rds_password",
            "random_password.rds_password"
          ]
        }
      ]
    },
    {
      "mode": "managed",
      "type": "aws_security_group",
      "name": "ec2",
      "provider": "provider[\"registry.terraform.io/hashicorp/aws\"]",
      "instances": [
        {
          "schema_version": 1,
          "attributes": {
            "arn": "arn:aws:ec2:ca-central-1:729780141868:security-group/sg-07f2ee517b5c0d3fd",
            "description": "Managed by Terraform",
            "egress": [
              {
                "cidr_blocks": [
                  "0.0.0.0/0"
                ],
                "description": "",
                "from_port": 0,
                "ipv6_cidr_blocks": [],
                "prefix_list_ids": [],
                "protocol": "-1",
                "security_groups": [],
                "self": false,
                "to_port": 0
              }
            ],
            "id": "sg-07f2ee517b5c0d3fd",
            "ingress": [
              {
                "cidr_blocks": [
                  "0.0.0.0/0"
                ],
                "description": "",
                "from_port": 22,
                "ipv6_cidr_blocks": [],
                "prefix_list_ids": [],
                "protocol": "tcp",
                "security_groups": [],
                "self": false,
                "to_port": 22
              },
              {
                "cidr_blocks": [],
                "description": "",
                "from_port": 5432,
                "ipv6_cidr_blocks": [],
                "prefix_list_ids": [],
                "protocol": "tcp",
                "security_groups": [
                  "sg-05401ac085f34247f"
                ],
                "self": false,
                "to_port": 5432
              }
            ],
            "name": "terraform-20250519190453160500000003",
            "name_prefix": "terraform-",
            "owner_id": "729780141868",
            "revoke_rules_on_delete": false,
            "tags": {
              "Environment": "Staging",
              "Managed_by": "Terraform",
              "Name": "GroupB-ec2-sg",
              "Owner": "Group-B"
            },
            "tags_all": {
              "Environment": "Staging",
              "Managed_by": "Terraform",
              "Name": "GroupB-ec2-sg",
              "Owner": "Group-B"
            },
            "timeouts": null,
            "vpc_id": "vpc-06b194053350cfbc9"
          },
          "sensitive_attributes": [],
          "identity_schema_version": 0,
          "private": "eyJlMmJmYjczMC1lY2FhLTExZTYtOGY4OC0zNDM2M2JjN2M0YzAiOnsiY3JlYXRlIjo2MDAwMDAwMDAwMDAsImRlbGV0ZSI6OTAwMDAwMDAwMDAwfSwic2NoZW1hX3ZlcnNpb24iOiIxIn0=",
          "dependencies": [
            "aws_security_group.rds",
            "aws_subnet.private",
            "aws_vpc.main",
            "data.aws_region.current"
          ]
        }
      ]
    },
    {
      "mode": "managed",
      "type": "aws_security_group",
      "name": "rds",
      "provider": "provider[\"registry.terraform.io/hashicorp/aws\"]",
      "instances": [
        {
          "schema_version": 1,
          "attributes": {
            "arn": "arn:aws:ec2:ca-central-1:729780141868:security-group/sg-05401ac085f34247f",
            "description": "Managed by Terraform",
            "egress": [
              {
                "cidr_blocks": [
                  "0.0.0.0/0"
                ],
                "description": "",
                "from_port": 0,
                "ipv6_cidr_blocks": [],
                "prefix_list_ids": [],
                "protocol": "-1",
                "security_groups": [],
                "self": false,
                "to_port": 0
              }
            ],
            "id": "sg-05401ac085f34247f",
            "ingress": [
              {
                "cidr_blocks": [
                  "10.0.2.0/24"
                ],
                "description": "",
                "from_port": 5432,
                "ipv6_cidr_blocks": [],
                "prefix_list_ids": [],
                "protocol": "tcp",
                "security_groups": [],
                "self": false,
                "to_port": 5432
              }
            ],
            "name": "terraform-20250519190448399800000001",
            "name_prefix": "terraform-",
            "owner_id": "729780141868",
            "revoke_rules_on_delete": false,
            "tags": {
              "Environment": "Staging",
              "Managed_by": "Terraform",
              "Name": "GroupB-rds-sg",
              "Owner": "Group-B"
            },
            "tags_all": {
              "Environment": "Staging",
              "Managed_by": "Terraform",
              "Name": "GroupB-rds-sg",
              "Owner": "Group-B"
            },
            "timeouts": null,
            "vpc_id": "vpc-06b194053350cfbc9"
          },
          "sensitive_attributes": [],
          "identity_schema_version": 0,
          "private": "eyJlMmJmYjczMC1lY2FhLTExZTYtOGY4OC0zNDM2M2JjN2M0YzAiOnsiY3JlYXRlIjo2MDAwMDAwMDAwMDAsImRlbGV0ZSI6OTAwMDAwMDAwMDAwfSwic2NoZW1hX3ZlcnNpb24iOiIxIn0=",
          "dependencies": [
            "aws_subnet.private",
            "aws_vpc.main",
            "data.aws_region.current"
          ]
        }
      ]
    },
    {
      "mode": "managed",
      "type": "aws_security_group",
      "name": "ssh",
      "provider": "provider[\"registry.terraform.io/hashicorp/aws\"]",
      "instances": [
        {
          "schema_version": 1,
          "attributes": {
            "arn": "arn:aws:ec2:ca-central-1:729780141868:security-group/sg-0895898aff4438672",
            "description": "allow ssh to ec2",
            "egress": [
              {
                "cidr_blocks": [
                  "0.0.0.0/0"
                ],
                "description": "",
                "from_port": 0,
                "ipv6_cidr_blocks": [],
                "prefix_list_ids": [],
                "protocol": "-1",
                "security_groups": [],
                "self": false,
                "to_port": 0
              }
            ],
            "id": "sg-0895898aff4438672",
            "ingress": [
              {
                "cidr_blocks": [
                  "10.0.0.0/16"
                ],
                "description": "",
                "from_port": 22,
                "ipv6_cidr_blocks": [],
                "prefix_list_ids": [],
                "protocol": "tcp",
                "security_groups": [],
                "self": false,
                "to_port": 22
              }
            ],
            "name": "groupB_access",
            "name_prefix": "",
            "owner_id": "729780141868",
            "revoke_rules_on_delete": false,
            "tags": {
              "Environment": "Staging",
              "Managed_by": "Terraform",
              "Name": "GroupB-ec2-sg",
              "Owner": "Group-B"
            },
            "tags_all": {
              "Environment": "Staging",
              "Managed_by": "Terraform",
              "Name": "GroupB-ec2-sg",
              "Owner": "Group-B"
            },
            "timeouts": null,
            "vpc_id": "vpc-06b194053350cfbc9"
          },
          "sensitive_attributes": [],
          "identity_schema_version": 0,
          "private": "eyJlMmJmYjczMC1lY2FhLTExZTYtOGY4OC0zNDM2M2JjN2M0YzAiOnsiY3JlYXRlIjo2MDAwMDAwMDAwMDAsImRlbGV0ZSI6OTAwMDAwMDAwMDAwfSwic2NoZW1hX3ZlcnNpb24iOiIxIn0=",
          "dependencies": [
            "aws_vpc.main"
          ]
        }
      ]
    },
    {
      "mode": "managed",
      "type": "aws_subnet",
      "name": "private",
      "provider": "provider[\"registry.terraform.io/hashicorp/aws\"]",
      "instances": [
        {
          "schema_version": 1,
          "attributes": {
            "arn": "arn:aws:ec2:ca-central-1:729780141868:subnet/subnet-0cd937d1d74908ff6",
            "assign_ipv6_address_on_creation": false,
            "availability_zone": "ca-central-1a",
            "availability_zone_id": "cac1-az1",
            "cidr_block": "10.0.2.0/24",
            "customer_owned_ipv4_pool": "",
            "enable_dns64": false,
            "enable_lni_at_device_index": 0,
            "enable_resource_name_dns_a_record_on_launch": false,
            "enable_resource_name_dns_aaaa_record_on_launch": false,
            "id": "subnet-0cd937d1d74908ff6",
            "ipv6_cidr_block": "",
            "ipv6_cidr_block_association_id": "",
            "ipv6_native": false,
            "map_customer_owned_ip_on_launch": false,
            "map_public_ip_on_launch": false,
            "outpost_arn": "",
            "owner_id": "729780141868",
            "private_dns_hostname_type_on_launch": "ip-name",
            "tags": {
              "Environment": "Staging",
              "Managed_by": "Terraform",
              "Name": "GroupB-private",
              "Owner": "Group-B"
            },
            "tags_all": {
              "Environment": "Staging",
              "Managed_by": "Terraform",
              "Name": "GroupB-private",
              "Owner": "Group-B"
            },
            "timeouts": null,
            "vpc_id": "vpc-06b194053350cfbc9"
          },
          "sensitive_attributes": [],
          "identity_schema_version": 0,
          "private": "eyJlMmJmYjczMC1lY2FhLTExZTYtOGY4OC0zNDM2M2JjN2M0YzAiOnsiY3JlYXRlIjo2MDAwMDAwMDAwMDAsImRlbGV0ZSI6MTIwMDAwMDAwMDAwMH0sInNjaGVtYV92ZXJzaW9uIjoiMSJ9",
          "dependencies": [
            "aws_vpc.main",
            "data.aws_region.current"
          ]
        }
      ]
    },
    {
      "mode": "managed",
      "type": "aws_subnet",
      "name": "private1",
      "provider": "provider[\"registry.terraform.io/hashicorp/aws\"]",
      "instances": [
        {
          "schema_version": 1,
          "attributes": {
            "arn": "arn:aws:ec2:ca-central-1:729780141868:subnet/subnet-047762b47f8e425f4",
            "assign_ipv6_address_on_creation": false,
            "availability_zone": "ca-central-1b",
            "availability_zone_id": "cac1-az2",
            "cidr_block": "10.0.3.0/24",
            "customer_owned_ipv4_pool": "",
            "enable_dns64": false,
            "enable_lni_at_device_index": 0,
            "enable_resource_name_dns_a_record_on_launch": false,
            "enable_resource_name_dns_aaaa_record_on_launch": false,
            "id": "subnet-047762b47f8e425f4",
            "ipv6_cidr_block": "",
            "ipv6_cidr_block_association_id": "",
            "ipv6_native": false,
            "map_customer_owned_ip_on_launch": false,
            "map_public_ip_on_launch": false,
            "outpost_arn": "",
            "owner_id": "729780141868",
            "private_dns_hostname_type_on_launch": "ip-name",
            "tags": {
              "Environment": "Staging",
              "Managed_by": "Terraform",
              "Name": "GroupB-private",
              "Owner": "Group-B"
            },
            "tags_all": {
              "Environment": "Staging",
              "Managed_by": "Terraform",
              "Name": "GroupB-private",
              "Owner": "Group-B"
            },
            "timeouts": null,
            "vpc_id": "vpc-06b194053350cfbc9"
          },
          "sensitive_attributes": [],
          "identity_schema_version": 0,
          "private": "eyJlMmJmYjczMC1lY2FhLTExZTYtOGY4OC0zNDM2M2JjN2M0YzAiOnsiY3JlYXRlIjo2MDAwMDAwMDAwMDAsImRlbGV0ZSI6MTIwMDAwMDAwMDAwMH0sInNjaGVtYV92ZXJzaW9uIjoiMSJ9",
          "dependencies": [
            "aws_vpc.main",
            "data.aws_region.current"
          ]
        }
      ]
    },
    {
      "mode": "managed",
      "type": "aws_subnet",
      "name": "public",
      "provider": "provider[\"registry.terraform.io/hashicorp/aws\"]",
      "instances": [
        {
          "schema_version": 1,
          "attributes": {
            "arn": "arn:aws:ec2:ca-central-1:729780141868:subnet/subnet-09c5710da6b24ec8b",
            "assign_ipv6_address_on_creation": false,
            "availability_zone": "ca-central-1a",
            "availability_zone_id": "cac1-az1",
            "cidr_block": "10.0.1.0/24",
            "customer_owned_ipv4_pool": "",
            "enable_dns64": false,
            "enable_lni_at_device_index": 0,
            "enable_resource_name_dns_a_record_on_launch": false,
            "enable_resource_name_dns_aaaa_record_on_launch": false,
            "id": "subnet-09c5710da6b24ec8b",
            "ipv6_cidr_block": "",
            "ipv6_cidr_block_association_id": "",
            "ipv6_native": false,
            "map_customer_owned_ip_on_launch": false,
            "map_public_ip_on_launch": true,
            "outpost_arn": "",
            "owner_id": "729780141868",
            "private_dns_hostname_type_on_launch": "ip-name",
            "tags": {
              "Environment": "Staging",
              "Managed_by": "Terraform",
              "Name": "GroupB-public",
              "Owner": "Group-B"
            },
            "tags_all": {
              "Environment": "Staging",
              "Managed_by": "Terraform",
              "Name": "GroupB-public",
              "Owner": "Group-B"
            },
            "timeouts": null,
            "vpc_id": "vpc-06b194053350cfbc9"
          },
          "sensitive_attributes": [],
          "identity_schema_version": 0,
          "private": "eyJlMmJmYjczMC1lY2FhLTExZTYtOGY4OC0zNDM2M2JjN2M0YzAiOnsiY3JlYXRlIjo2MDAwMDAwMDAwMDAsImRlbGV0ZSI6MTIwMDAwMDAwMDAwMH0sInNjaGVtYV92ZXJzaW9uIjoiMSJ9",
          "dependencies": [
            "aws_vpc.main",
            "data.aws_region.current"
          ]
        }
      ]
    },
    {
      "mode": "managed",
      "type": "aws_vpc",
      "name": "main",
      "provider": "provider[\"registry.terraform.io/hashicorp/aws\"]",
      "instances": [
        {
          "schema_version": 1,
          "attributes": {
            "arn": "arn:aws:ec2:ca-central-1:729780141868:vpc/vpc-06b194053350cfbc9",
            "assign_generated_ipv6_cidr_block": false,
            "cidr_block": "10.0.0.0/16",
            "default_network_acl_id": "acl-0691474a584831aca",
            "default_route_table_id": "rtb-0a0ff469378326bf1",
            "default_security_group_id": "sg-097dd2348f01c7034",
            "dhcp_options_id": "dopt-04adbfacfc0ac0c6e",
            "enable_dns_hostnames": true,
            "enable_dns_support": true,
            "enable_network_address_usage_metrics": false,
            "id": "vpc-06b194053350cfbc9",
            "instance_tenancy": "default",
            "ipv4_ipam_pool_id": null,
            "ipv4_netmask_length": null,
            "ipv6_association_id": "",
            "ipv6_cidr_block": "",
            "ipv6_cidr_block_network_border_group": "",
            "ipv6_ipam_pool_id": "",
            "ipv6_netmask_length": 0,
            "main_route_table_id": "rtb-0a0ff469378326bf1",
            "owner_id": "729780141868",
            "tags": {
              "Environment": "Staging",
              "Managed_by": "Terraform",
              "Name": "GroupB-vpc",
              "Owner": "Group-B"
            },
            "tags_all": {
              "Environment": "Staging",
              "Managed_by": "Terraform",
              "Name": "GroupB-vpc",
              "Owner": "Group-B"
            }
          },
          "sensitive_attributes": [],
          "identity_schema_version": 0,
          "private": "eyJzY2hlbWFfdmVyc2lvbiI6IjEifQ=="
        }
      ]
    },
    {
      "mode": "managed",
      "type": "null_resource",
      "name": "save_key",
      "provider": "provider[\"registry.terraform.io/hashicorp/null\"]",
      "instances": [
        {
          "schema_version": 0,
          "attributes": {
            "id": "6852454840797739032",
            "triggers": null
          },
          "sensitive_attributes": [],
          "identity_schema_version": 0,
          "dependencies": [
            "tls_private_key.ssh_key"
          ]
        }
      ]
    },
    {
      "mode": "managed",
      "type": "random_password",
      "name": "rds_password",
      "provider": "provider[\"registry.terraform.io/hashicorp/random\"]",
      "instances": [
        {
          "schema_version": 3,
          "attributes": {
            "bcrypt_hash": "$2a$10$IhzbWKWDXZq2HyPdOlhw5eDoS9UP2.8.A2HpGxzQKegxNDwPEktsm",
            "id": "none",
            "keepers": null,
            "length": 16,
            "lower": true,
            "min_lower": 0,
            "min_numeric": 0,
            "min_special": 0,
            "min_upper": 0,
            "number": true,
            "numeric": true,
            "override_special": null,
            "result": "9gW8qjWWkfFzZRwz",
            "special": false,
            "upper": true
          },
          "sensitive_attributes": [
            [
              {
                "type": "get_attr",
                "value": "bcrypt_hash"
              }
            ],
            [
              {
                "type": "get_attr",
                "value": "result"
              }
            ]
          ],
          "identity_schema_version": 0
        }
      ]
    },
    {
      "mode": "managed",
      "type": "tls_private_key",
      "name": "ssh_key",
      "provider": "provider[\"registry.terraform.io/hashicorp/tls\"]",
      "instances": [
        {
          "schema_version": 1,
          "attributes": {
            "algorithm": "RSA",
            "ecdsa_curve": "P224",
            "id": "2ab0d5105149b5d9b8a8b938740befa8b0d914ad",
            "private_key_openssh": "-----BEGIN OPENSSH PRIVATE KEY-----\nb3BlbnNzaC1rZXktdjEAAAAABG5vbmUAAAAEbm9uZQAAAAAAAAABAAACFwAAAAdz\nc2gtcnNhAAAAAwEAAQAAAgEA0C8UwTxl17uTsx7Cz1R1SM7Td6aDE9yXNgu5Bp2p\nsRei3hLN3rgvCq3y7/uwaDGQvfOld8PCHAHwQ/DmDSHlIX9esZZFdgqMs6LIwlPo\nWzf7nP1wP66KzBO9vXE+u0pL72WeVwrCnm+tVWoGqUJrdWonIBsHTO6sTz5Y5pFD\nhSf673aC8RsB727R4mb4lbaf2zj366fqCGa7OFd4LQ6s/DFKZjQV/a0dCHXdOQ3E\nwJ8qM+mUsvWahZzt5UPtBmgoj/vCx7eJpQjb+opZQHc9juSQDznfjMHDMGs0xa77\nEPf5aJjHLuUCg/JtK+TZPYZbvLHNBeAuRBrCH7fRxmgJZVEfFg0hU9kNRmtbMU5j\n0xd8KiTRRtyKl4go9Ri+D7BJ3JArJs6+bJcjnSw0+0htHzYHxSPY5rHLw7jdnM9s\nHNlUxaBeVrgUm50SGveNc3+W48Sqb60jZ+/6ojBCQ8Oe3hSQ+GQ8he6agaKgke3x\n/sOLlT692F6/UqbiViPpm5CNGTdwqcwupqdtlqxi8Zmu1TME2daK/t4Je5gzbe48\nuhxd4s+gKVxx+kBF0QD0pFWDPTORCaOI5WQPSiAfog/tdmSvh0BpaU/3Etw0xfaH\n7Y7p5QwHctv4LOPaZt4QafChZgdZjKa8+uL/B4qnoQ5bb7WE93QUfpG0Rlr3m0Iy\n/BkAAAc4BAJpIgQCaSIAAAAHc3NoLXJzYQAAAgEA0C8UwTxl17uTsx7Cz1R1SM7T\nd6aDE9yXNgu5Bp2psRei3hLN3rgvCq3y7/uwaDGQvfOld8PCHAHwQ/DmDSHlIX9e\nsZZFdgqMs6LIwlPoWzf7nP1wP66KzBO9vXE+u0pL72WeVwrCnm+tVWoGqUJrdWon\nIBsHTO6sTz5Y5pFDhSf673aC8RsB727R4mb4lbaf2zj366fqCGa7OFd4LQ6s/DFK\nZjQV/a0dCHXdOQ3EwJ8qM+mUsvWahZzt5UPtBmgoj/vCx7eJpQjb+opZQHc9juSQ\nDznfjMHDMGs0xa77EPf5aJjHLuUCg/JtK+TZPYZbvLHNBeAuRBrCH7fRxmgJZVEf\nFg0hU9kNRmtbMU5j0xd8KiTRRtyKl4go9Ri+D7BJ3JArJs6+bJcjnSw0+0htHzYH\nxSPY5rHLw7jdnM9sHNlUxaBeVrgUm50SGveNc3+W48Sqb60jZ+/6ojBCQ8Oe3hSQ\n+GQ8he6agaKgke3x/sOLlT692F6/UqbiViPpm5CNGTdwqcwupqdtlqxi8Zmu1TME\n2daK/t4Je5gzbe48uhxd4s+gKVxx+kBF0QD0pFWDPTORCaOI5WQPSiAfog/tdmSv\nh0BpaU/3Etw0xfaH7Y7p5QwHctv4LOPaZt4QafChZgdZjKa8+uL/B4qnoQ5bb7WE\n93QUfpG0Rlr3m0Iy/BkAAAADAQABAAACABk1MjapuQ0zvdEpDt6q896iiJGK3IFJ\nqxeUuM03xwXV/lcUgNAQjkWlRW7Qk44yPjv55hXH4tegVnbrkveRHJz/PriTIQsH\ngPz5X4TEQzTUZQef2nkjidPnKgjnzvg/qU0uCUux1ln33M2kXnUdQUTA20b0buBe\nYAfiXUJh4YKckjJvr7BBHG1hBlH7NOtv5xBU6BQlS13EDrRmRvtxtPl+gGs6sFT8\norDVELnpVGMcgrAxfttiiNjX5ShnHqqxbwPsMKwdKbINjhFasi7voUkNnPHzCIIT\nLi7NNGEhbG4kEJOdODUR7smKT7TKa5GbFL2W6+PjvsZpVQshJ2n2S/i8PTqgaEJc\nMNGmNZGDspq9LMKt57tRj2avMqOKphq6MyMBg5f5Xxf4BLEFwVtkCzlEdOsduHfN\n+X+QVOAm0/iESUgRbKMA/5vyM8lWYEnKm+5bD/oJWpsvPDTufMUWirw7oE1li0jg\nffmAmWs2G0qn6FMHeF7rK58YyzFPkv2yDUPpRppxA1aRdCN5w89fgwQrWIhr9SWd\nbx54Q1ZPvX6HeN61gEKqmTQRjnLq8SHfOXk7mq3RDYozFs6clVtf1TOhChmv/62g\nIVzCC/bBxnQLL4fmD9AhuJet35gWzEiPuKr7vlcMvzwMLPW3ZZLfdMeR/2L2ETQg\nsQMHQ4f+pihnAAABAQCpvr3Od2x7EN78RhAiJUnTZQ6oHBSSskDYQqEXwsIjY384\nwyPRW+UUPKW/4sHhSTHFMSi+fgtM1pSqa01VEMgyuxLrRocm+azplYKjbmgKOpZc\n3osAPD8d4puyjM3elXVyUYdwM3y0bCuY4AtLEl3Y+Qsn8SX1TAPqreYS0b14kODB\naTLjDciJgNzJqcHjZPIfqqqw4feIVprZPbUGA5ePpXIfjiJuVGCI7Y4/D4LVah04\n8EjFoW/ChY0Eo2L2AFKP+obWhZAUUE7GeyxnztOKcy4Y1c5B2o3Io+VIviHhtYE6\nixatJZ5wb9JQvkpX7luPmzAu8k0q7mZUeQ/AZSRRAAABAQDjIjGGm78kZNjYoRQi\nozCxWCWb5CjR9+iLjkVa1Ey1j0QkJ9wU7Impgz0BD51wEUGKIHK8Enj8XyNQ80Dm\nk7E4QAR6f6TeLmG+O1Qru+L75a//9o5tHLZbrCYJBPetqqldBZpvwxN/Vh3JtoTp\nk/ujtqvODVth293vKZHuO73gEuU5euHOa1MvZMrfLJgnDtNplAsP6HRfuP85oLa5\nKqRHdVV7YiJK7kiLjv3SqJJEJI+OItl6sBE7nIsy/8upijyl8CQystNL5RPHYyA7\nUq8EfrLx6iePumjjy2ofhN+0CxuzHoawiyqaiy4zqF0p/ZPaM2uUNKOm64lIf9Jy\n17cfAAABAQDqpFvyrW36o/LznPnSRnepVqeWkzvGk+bLI5tT+34YI2r+riAo58OR\nW3/AvWt6bgzxXqZPNNJgz/yHtbHojRT8h2EaXNFhjKQ880btkyLE1ZOdAxNCOzpe\nBC9BTJHnFfDtRb+9g3M/k0xkUAwYyav7v9kbab7UUfRK/vHlwtvM/x2qrh/hURMF\nGeFOWzwAAisqNuRoGDDz8XuhmYUnPMG27QfGxEGoRSLuM3qQ3cNfvA547jLgyFXv\nq5TlF7WV1vncwhsHmrFxctQlZLo9sXvYtipbSgQ6TCQGBJGIB5WoFiFo8n49m/ja\nXV3/e3U3fvkTTq0zX9c+LAcuSlJUNv3HAAAAAAEC\n-----END OPENSSH PRIVATE KEY-----\n",
            "private_key_pem": "-----BEGIN RSA PRIVATE KEY-----\nMIIJKAIBAAKCAgEA0C8UwTxl17uTsx7Cz1R1SM7Td6aDE9yXNgu5Bp2psRei3hLN\n3rgvCq3y7/uwaDGQvfOld8PCHAHwQ/DmDSHlIX9esZZFdgqMs6LIwlPoWzf7nP1w\nP66KzBO9vXE+u0pL72WeVwrCnm+tVWoGqUJrdWonIBsHTO6sTz5Y5pFDhSf673aC\n8RsB727R4mb4lbaf2zj366fqCGa7OFd4LQ6s/DFKZjQV/a0dCHXdOQ3EwJ8qM+mU\nsvWahZzt5UPtBmgoj/vCx7eJpQjb+opZQHc9juSQDznfjMHDMGs0xa77EPf5aJjH\nLuUCg/JtK+TZPYZbvLHNBeAuRBrCH7fRxmgJZVEfFg0hU9kNRmtbMU5j0xd8KiTR\nRtyKl4go9Ri+D7BJ3JArJs6+bJcjnSw0+0htHzYHxSPY5rHLw7jdnM9sHNlUxaBe\nVrgUm50SGveNc3+W48Sqb60jZ+/6ojBCQ8Oe3hSQ+GQ8he6agaKgke3x/sOLlT69\n2F6/UqbiViPpm5CNGTdwqcwupqdtlqxi8Zmu1TME2daK/t4Je5gzbe48uhxd4s+g\nKVxx+kBF0QD0pFWDPTORCaOI5WQPSiAfog/tdmSvh0BpaU/3Etw0xfaH7Y7p5QwH\nctv4LOPaZt4QafChZgdZjKa8+uL/B4qnoQ5bb7WE93QUfpG0Rlr3m0Iy/BkCAwEA\nAQKCAgAZNTI2qbkNM73RKQ7eqvPeooiRityBSasXlLjNN8cF1f5XFIDQEI5FpUVu\n0JOOMj47+eYVx+LXoFZ265L3kRyc/z64kyELB4D8+V+ExEM01GUHn9p5I4nT5yoI\n5874P6lNLglLsdZZ99zNpF51HUFEwNtG9G7gXmAH4l1CYeGCnJIyb6+wQRxtYQZR\n+zTrb+cQVOgUJUtdxA60Zkb7cbT5foBrOrBU/KKw1RC56VRjHIKwMX7bYojY1+Uo\nZx6qsW8D7DCsHSmyDY4RWrIu76FJDZzx8wiCEy4uzTRhIWxuJBCTnTg1Ee7Jik+0\nymuRmxS9luvj477GaVULISdp9kv4vD06oGhCXDDRpjWRg7KavSzCree7UY9mrzKj\niqYaujMjAYOX+V8X+ASxBcFbZAs5RHTrHbh3zfl/kFTgJtP4hElIEWyjAP+b8jPJ\nVmBJypvuWw/6CVqbLzw07nzFFoq8O6BNZYtI4H35gJlrNhtKp+hTB3he6yufGMsx\nT5L9sg1D6UaacQNWkXQjecPPX4MEK1iIa/UlnW8eeENWT71+h3jetYBCqpk0EY5y\n6vEh3zl5O5qt0Q2KMxbOnJVbX9UzoQoZr/+toCFcwgv2wcZ0Cy+H5g/QIbiXrd+Y\nFsxIj7iq+75XDL88DCz1t2WS33THkf9i9hE0ILEDB0OH/qYoZwKCAQEA4yIxhpu/\nJGTY2KEUIqMwsVglm+Qo0ffoi45FWtRMtY9EJCfcFOyJqYM9AQ+dcBFBiiByvBJ4\n/F8jUPNA5pOxOEAEen+k3i5hvjtUK7vi++Wv//aObRy2W6wmCQT3raqpXQWab8MT\nf1YdybaE6ZP7o7arzg1bYdvd7ymR7ju94BLlOXrhzmtTL2TK3yyYJw7TaZQLD+h0\nX7j/OaC2uSqkR3VVe2IiSu5Ii4790qiSRCSPjiLZerARO5yLMv/LqYo8pfAkMrLT\nS+UTx2MgO1KvBH6y8eonj7po48tqH4TftAsbsx6GsIsqmosuM6hdKf2T2jNrlDSj\npuuJSH/Scte3HwKCAQEA6qRb8q1t+qPy85z50kZ3qVanlpM7xpPmyyObU/t+GCNq\n/q4gKOfDkVt/wL1rem4M8V6mTzTSYM/8h7Wx6I0U/IdhGlzRYYykPPNG7ZMixNWT\nnQMTQjs6XgQvQUyR5xXw7UW/vYNzP5NMZFAMGMmr+7/ZG2m+1FH0Sv7x5cLbzP8d\nqq4f4VETBRnhTls8AAIrKjbkaBgw8/F7oZmFJzzBtu0HxsRBqEUi7jN6kN3DX7wO\neO4y4MhV76uU5Re1ldb53MIbB5qxcXLUJWS6PbF72LYqW0oEOkwkBgSRiAeVqBYh\naPJ+PZv42l1d/3t1N375E06tM1/XPiwHLkpSVDb9xwKCAQBRfyRcEygbS+AOooVS\nBFHlYCZmcBBBfn0/DbZO59v6TUR64J50F4cxfnh2F/86hcaJZCkm2E3258AJPK7t\nzNKKx1WUCpbCbcv+cNU7t/eywHBNHE9wURwReoxPMiwYcSLB0M/gCBPH3cNkbAv2\nr3VcAaBVl69RRo20Uasd2uu/Kah73l6FLTc0yyqLtzmE0ioDOO5bL+IJspxJNiQ5\n/lXhmfUpB0YcsrDu+kiSvI92ydOEgXadMe2NARdlHikaVRJ7y9WBJ27vTWuyYBvh\njUJlD3zvlj/Jr24RRhx24LtPo6i1tV9ImzaXKxdRy7hZ57WUVlzkWZrauqqQi+Sb\n9lCrAoIBAACpkBziQnI3rkLjyYy/aC0RMo3pQnzwA/HE2vZkulllGDM52Jtk9Bdf\n879eiYQh9WVlCAEnPATL8YGMkMEATPPdifeiFXE6DWiioyueg7WciLsjvBUux55m\nUp/TkIHffPuee8kUKuoeB1QtKauUPikKxJkgNkqxJIhlqdclMqukeLf3n91p9izI\ngutOtJ+nYenPl9t3XgQCRYASR97xe/aBOslj2m+YKl4TxR/NkHSfuka7HWenCR8R\nE+2FoJyYq8HkxmDCHggc895bJ29vJdNZyErTralgd6WQs7x3kQOVdGiwbozL+Orc\n4pwLBCyw7hEQ4spHVfs18ps92HemZBcCggEBAKm+vc53bHsQ3vxGECIlSdNlDqgc\nFJKyQNhCoRfCwiNjfzjDI9Fb5RQ8pb/iweFJMcUxKL5+C0zWlKprTVUQyDK7EutG\nhyb5rOmVgqNuaAo6llzeiwA8Px3im7KMzd6VdXJRh3AzfLRsK5jgC0sSXdj5Cyfx\nJfVMA+qt5hLRvXiQ4MFpMuMNyImA3MmpweNk8h+qqrDh94hWmtk9tQYDl4+lch+O\nIm5UYIjtjj8PgtVqHTjwSMWhb8KFjQSjYvYAUo/6htaFkBRQTsZ7LGfO04pzLhjV\nzkHajcij5Ui+IeG1gTqLFq0lnnBv0lC+SlfuW4+bMC7yTSruZlR5D8BlJFE=\n-----END RSA PRIVATE KEY-----\n",
            "private_key_pem_pkcs8": "-----BEGIN PRIVATE KEY-----\nMIIJQgIBADANBgkqhkiG9w0BAQEFAASCCSwwggkoAgEAAoICAQDQLxTBPGXXu5Oz\nHsLPVHVIztN3poMT3Jc2C7kGnamxF6LeEs3euC8KrfLv+7BoMZC986V3w8IcAfBD\n8OYNIeUhf16xlkV2CoyzosjCU+hbN/uc/XA/rorME729cT67SkvvZZ5XCsKeb61V\nagapQmt1aicgGwdM7qxPPljmkUOFJ/rvdoLxGwHvbtHiZviVtp/bOPfrp+oIZrs4\nV3gtDqz8MUpmNBX9rR0Idd05DcTAnyoz6ZSy9ZqFnO3lQ+0GaCiP+8LHt4mlCNv6\nillAdz2O5JAPOd+MwcMwazTFrvsQ9/lomMcu5QKD8m0r5Nk9hlu8sc0F4C5EGsIf\nt9HGaAllUR8WDSFT2Q1Ga1sxTmPTF3wqJNFG3IqXiCj1GL4PsEnckCsmzr5slyOd\nLDT7SG0fNgfFI9jmscvDuN2cz2wc2VTFoF5WuBSbnRIa941zf5bjxKpvrSNn7/qi\nMEJDw57eFJD4ZDyF7pqBoqCR7fH+w4uVPr3YXr9SpuJWI+mbkI0ZN3CpzC6mp22W\nrGLxma7VMwTZ1or+3gl7mDNt7jy6HF3iz6ApXHH6QEXRAPSkVYM9M5EJo4jlZA9K\nIB+iD+12ZK+HQGlpT/cS3DTF9oftjunlDAdy2/gs49pm3hBp8KFmB1mMprz64v8H\niqehDltvtYT3dBR+kbRGWvebQjL8GQIDAQABAoICABk1MjapuQ0zvdEpDt6q896i\niJGK3IFJqxeUuM03xwXV/lcUgNAQjkWlRW7Qk44yPjv55hXH4tegVnbrkveRHJz/\nPriTIQsHgPz5X4TEQzTUZQef2nkjidPnKgjnzvg/qU0uCUux1ln33M2kXnUdQUTA\n20b0buBeYAfiXUJh4YKckjJvr7BBHG1hBlH7NOtv5xBU6BQlS13EDrRmRvtxtPl+\ngGs6sFT8orDVELnpVGMcgrAxfttiiNjX5ShnHqqxbwPsMKwdKbINjhFasi7voUkN\nnPHzCIITLi7NNGEhbG4kEJOdODUR7smKT7TKa5GbFL2W6+PjvsZpVQshJ2n2S/i8\nPTqgaEJcMNGmNZGDspq9LMKt57tRj2avMqOKphq6MyMBg5f5Xxf4BLEFwVtkCzlE\ndOsduHfN+X+QVOAm0/iESUgRbKMA/5vyM8lWYEnKm+5bD/oJWpsvPDTufMUWirw7\noE1li0jgffmAmWs2G0qn6FMHeF7rK58YyzFPkv2yDUPpRppxA1aRdCN5w89fgwQr\nWIhr9SWdbx54Q1ZPvX6HeN61gEKqmTQRjnLq8SHfOXk7mq3RDYozFs6clVtf1TOh\nChmv/62gIVzCC/bBxnQLL4fmD9AhuJet35gWzEiPuKr7vlcMvzwMLPW3ZZLfdMeR\n/2L2ETQgsQMHQ4f+pihnAoIBAQDjIjGGm78kZNjYoRQiozCxWCWb5CjR9+iLjkVa\n1Ey1j0QkJ9wU7Impgz0BD51wEUGKIHK8Enj8XyNQ80Dmk7E4QAR6f6TeLmG+O1Qr\nu+L75a//9o5tHLZbrCYJBPetqqldBZpvwxN/Vh3JtoTpk/ujtqvODVth293vKZHu\nO73gEuU5euHOa1MvZMrfLJgnDtNplAsP6HRfuP85oLa5KqRHdVV7YiJK7kiLjv3S\nqJJEJI+OItl6sBE7nIsy/8upijyl8CQystNL5RPHYyA7Uq8EfrLx6iePumjjy2of\nhN+0CxuzHoawiyqaiy4zqF0p/ZPaM2uUNKOm64lIf9Jy17cfAoIBAQDqpFvyrW36\no/LznPnSRnepVqeWkzvGk+bLI5tT+34YI2r+riAo58ORW3/AvWt6bgzxXqZPNNJg\nz/yHtbHojRT8h2EaXNFhjKQ880btkyLE1ZOdAxNCOzpeBC9BTJHnFfDtRb+9g3M/\nk0xkUAwYyav7v9kbab7UUfRK/vHlwtvM/x2qrh/hURMFGeFOWzwAAisqNuRoGDDz\n8XuhmYUnPMG27QfGxEGoRSLuM3qQ3cNfvA547jLgyFXvq5TlF7WV1vncwhsHmrFx\nctQlZLo9sXvYtipbSgQ6TCQGBJGIB5WoFiFo8n49m/jaXV3/e3U3fvkTTq0zX9c+\nLAcuSlJUNv3HAoIBAFF/JFwTKBtL4A6ihVIEUeVgJmZwEEF+fT8Ntk7n2/pNRHrg\nnnQXhzF+eHYX/zqFxolkKSbYTfbnwAk8ru3M0orHVZQKlsJty/5w1Tu397LAcE0c\nT3BRHBF6jE8yLBhxIsHQz+AIE8fdw2RsC/avdVwBoFWXr1FGjbRRqx3a678pqHve\nXoUtNzTLKou3OYTSKgM47lsv4gmynEk2JDn+VeGZ9SkHRhyysO76SJK8j3bJ04SB\ndp0x7Y0BF2UeKRpVEnvL1YEnbu9Na7JgG+GNQmUPfO+WP8mvbhFGHHbgu0+jqLW1\nX0ibNpcrF1HLuFnntZRWXORZmtq6qpCL5Jv2UKsCggEAAKmQHOJCcjeuQuPJjL9o\nLREyjelCfPAD8cTa9mS6WWUYMznYm2T0F1/zv16JhCH1ZWUIASc8BMvxgYyQwQBM\n892J96IVcToNaKKjK56DtZyIuyO8FS7HnmZSn9OQgd98+557yRQq6h4HVC0pq5Q+\nKQrEmSA2SrEkiGWp1yUyq6R4t/ef3Wn2LMiC6060n6dh6c+X23deBAJFgBJH3vF7\n9oE6yWPab5gqXhPFH82QdJ+6RrsdZ6cJHxET7YWgnJirweTGYMIeCBzz3lsnb28l\n01nIStOtqWB3pZCzvHeRA5V0aLBujMv46tzinAsELLDuERDiykdV+zXymz3Yd6Zk\nFwKCAQEAqb69zndsexDe/EYQIiVJ02UOqBwUkrJA2EKhF8LCI2N/OMMj0VvlFDyl\nv+LB4UkxxTEovn4LTNaUqmtNVRDIMrsS60aHJvms6ZWCo25oCjqWXN6LADw/HeKb\nsozN3pV1clGHcDN8tGwrmOALSxJd2PkLJ/El9UwD6q3mEtG9eJDgwWky4w3IiYDc\nyanB42TyH6qqsOH3iFaa2T21BgOXj6VyH44iblRgiO2OPw+C1WodOPBIxaFvwoWN\nBKNi9gBSj/qG1oWQFFBOxnssZ87TinMuGNXOQdqNyKPlSL4h4bWBOosWrSWecG/S\nUL5KV+5bj5swLvJNKu5mVHkPwGUkUQ==\n-----END PRIVATE KEY-----\n",
            "public_key_fingerprint_md5": "6e:0d:b0:c9:56:fd:cd:4b:08:83:5b:7a:6f:a7:00:08",
            "public_key_fingerprint_sha256": "SHA256:f/VFUeeDQ4vzHeVcx1bl9MzpCK8I3/IN6C3ftdiIFZI",
            "public_key_openssh": "ssh-rsa AAAAB3NzaC1yc2EAAAADAQABAAACAQDQLxTBPGXXu5OzHsLPVHVIztN3poMT3Jc2C7kGnamxF6LeEs3euC8KrfLv+7BoMZC986V3w8IcAfBD8OYNIeUhf16xlkV2CoyzosjCU+hbN/uc/XA/rorME729cT67SkvvZZ5XCsKeb61VagapQmt1aicgGwdM7qxPPljmkUOFJ/rvdoLxGwHvbtHiZviVtp/bOPfrp+oIZrs4V3gtDqz8MUpmNBX9rR0Idd05DcTAnyoz6ZSy9ZqFnO3lQ+0GaCiP+8LHt4mlCNv6illAdz2O5JAPOd+MwcMwazTFrvsQ9/lomMcu5QKD8m0r5Nk9hlu8sc0F4C5EGsIft9HGaAllUR8WDSFT2Q1Ga1sxTmPTF3wqJNFG3IqXiCj1GL4PsEnckCsmzr5slyOdLDT7SG0fNgfFI9jmscvDuN2cz2wc2VTFoF5WuBSbnRIa941zf5bjxKpvrSNn7/qiMEJDw57eFJD4ZDyF7pqBoqCR7fH+w4uVPr3YXr9SpuJWI+mbkI0ZN3CpzC6mp22WrGLxma7VMwTZ1or+3gl7mDNt7jy6HF3iz6ApXHH6QEXRAPSkVYM9M5EJo4jlZA9KIB+iD+12ZK+HQGlpT/cS3DTF9oftjunlDAdy2/gs49pm3hBp8KFmB1mMprz64v8HiqehDltvtYT3dBR+kbRGWvebQjL8GQ==\n",
            "public_key_pem": "-----BEGIN PUBLIC KEY-----\nMIICIjANBgkqhkiG9w0BAQEFAAOCAg8AMIICCgKCAgEA0C8UwTxl17uTsx7Cz1R1\nSM7Td6aDE9yXNgu5Bp2psRei3hLN3rgvCq3y7/uwaDGQvfOld8PCHAHwQ/DmDSHl\nIX9esZZFdgqMs6LIwlPoWzf7nP1wP66KzBO9vXE+u0pL72WeVwrCnm+tVWoGqUJr\ndWonIBsHTO6sTz5Y5pFDhSf673aC8RsB727R4mb4lbaf2zj366fqCGa7OFd4LQ6s\n/DFKZjQV/a0dCHXdOQ3EwJ8qM+mUsvWahZzt5UPtBmgoj/vCx7eJpQjb+opZQHc9\njuSQDznfjMHDMGs0xa77EPf5aJjHLuUCg/JtK+TZPYZbvLHNBeAuRBrCH7fRxmgJ\nZVEfFg0hU9kNRmtbMU5j0xd8KiTRRtyKl4go9Ri+D7BJ3JArJs6+bJcjnSw0+0ht\nHzYHxSPY5rHLw7jdnM9sHNlUxaBeVrgUm50SGveNc3+W48Sqb60jZ+/6ojBCQ8Oe\n3hSQ+GQ8he6agaKgke3x/sOLlT692F6/UqbiViPpm5CNGTdwqcwupqdtlqxi8Zmu\n1TME2daK/t4Je5gzbe48uhxd4s+gKVxx+kBF0QD0pFWDPTORCaOI5WQPSiAfog/t\ndmSvh0BpaU/3Etw0xfaH7Y7p5QwHctv4LOPaZt4QafChZgdZjKa8+uL/B4qnoQ5b\nb7WE93QUfpG0Rlr3m0Iy/BkCAwEAAQ==\n-----END PUBLIC KEY-----\n",
            "rsa_bits": 4096
          },
          "sensitive_attributes": [
            [
              {
                "type": "get_attr",
                "value": "private_key_openssh"
              }
            ],
            [
              {
                "type": "get_attr",
                "value": "private_key_pem"
              }
            ],
            [
              {
                "type": "get_attr",
                "value": "private_key_pem_pkcs8"
              }
            ]
          ],
          "identity_schema_version": 0
        }
      ]
    }
  ],
  "check_results": null
}
